
Microsoft Visual Studio Solution File, Format Version 12.00
# Visual Studio 14
VisualStudioVersion = 14.0.25420.1
MinimumVisualStudioVersion = 10.0.40219.1
Project("{FAE04EC0-301F-11D3-BF4B-00C04F79EFBC}") = "Linq_And_Lamda", "Linq_And_Lamda\Linq_And_Lamda.csproj", "{57CE91F5-CAF3-4178-9DBC-0AAEBDD32358}"
EndProject
Global
	GlobalSection(SolutionConfigurationPlatforms) = preSolution
		Debug|Any CPU = Debug|Any CPU
		Release|Any CPU = Release|Any CPU
	EndGlobalSection
	GlobalSection(ProjectConfigurationPlatforms) = postSolution
		{57CE91F5-CAF3-4178-9DBC-0AAEBDD32358}.Debug|Any CPU.ActiveCfg = Debug|Any CPU
		{57CE91F5-CAF3-4178-9DBC-0AAEBDD32358}.Debug|Any CPU.Build.0 = Debug|Any CPU
		{57CE91F5-CAF3-4178-9DBC-0AAEBDD32358}.Release|Any CPU.ActiveCfg = Release|Any CPU
		{57CE91F5-CAF3-4178-9DBC-0AAEBDD32358}.Release|Any CPU.Build.0 = Release|Any CPU
	EndGlobalSection
	GlobalSection(SolutionProperties) = preSolution
		HideSolutionNode = FALSE
	EndGlobalSection
EndGlobal
